// !$*UTF8*$!
{
	archiveVersion = 1;
	classes = {
	};
	objectVersion = 46;
	objects = {

/* Begin PBXBuildFile section */
		8F57C4181C9ED5420024F2C0 /* GameEvent.swift in Sources */ = {isa = PBXBuildFile; fileRef = 8F57C4171C9ED5420024F2C0 /* GameEvent.swift */; };
		8FBD6B121C9DD3B200EADD6F /* AppDelegate.swift in Sources */ = {isa = PBXBuildFile; fileRef = 8FBD6B111C9DD3B200EADD6F /* AppDelegate.swift */; };
		8FBD6B141C9DD3B200EADD6F /* GameScene.sks in Resources */ = {isa = PBXBuildFile; fileRef = 8FBD6B131C9DD3B200EADD6F /* GameScene.sks */; };
		8FBD6B161C9DD3B200EADD6F /* GameScene.swift in Sources */ = {isa = PBXBuildFile; fileRef = 8FBD6B151C9DD3B200EADD6F /* GameScene.swift */; };
		8FBD6B1B1C9DD3B200EADD6F /* Main.storyboard in Resources */ = {isa = PBXBuildFile; fileRef = 8FBD6B191C9DD3B200EADD6F /* Main.storyboard */; };
		8FBD6B1D1C9DD3B200EADD6F /* Assets.xcassets in Resources */ = {isa = PBXBuildFile; fileRef = 8FBD6B1C1C9DD3B200EADD6F /* Assets.xcassets */; };
		8FBD6B201C9DD3B200EADD6F /* LaunchScreen.storyboard in Resources */ = {isa = PBXBuildFile; fileRef = 8FBD6B1E1C9DD3B200EADD6F /* LaunchScreen.storyboard */; };
		8FBD6B2B1C9DD3B200EADD6F /* WildWordWestTests.swift in Sources */ = {isa = PBXBuildFile; fileRef = 8FBD6B2A1C9DD3B200EADD6F /* WildWordWestTests.swift */; };
		8FBD6B361C9DD3B300EADD6F /* WildWordWestUITests.swift in Sources */ = {isa = PBXBuildFile; fileRef = 8FBD6B351C9DD3B300EADD6F /* WildWordWestUITests.swift */; };
		8FBD6B441C9E088900EADD6F /* GameKit.framework in Frameworks */ = {isa = PBXBuildFile; fileRef = 8FBD6B431C9E088900EADD6F /* GameKit.framework */; };
		8FBD6B461C9E1B4D00EADD6F /* HomeViewController.swift in Sources */ = {isa = PBXBuildFile; fileRef = 8FBD6B451C9E1B4D00EADD6F /* HomeViewController.swift */; };
		8FBD6B4A1C9EC24900EADD6F /* MainController.swift in Sources */ = {isa = PBXBuildFile; fileRef = 8FBD6B491C9EC24900EADD6F /* MainController.swift */; };
		8FBD6B4D1C9EC3D100EADD6F /* SplashscreenViewController.swift in Sources */ = {isa = PBXBuildFile; fileRef = 8FBD6B4C1C9EC3D100EADD6F /* SplashscreenViewController.swift */; };
/* End PBXBuildFile section */

/* Begin PBXContainerItemProxy section */
		8FBD6B271C9DD3B200EADD6F /* PBXContainerItemProxy */ = {
			isa = PBXContainerItemProxy;
			containerPortal = 8FBD6B061C9DD3B200EADD6F /* Project object */;
			proxyType = 1;
			remoteGlobalIDString = 8FBD6B0D1C9DD3B200EADD6F;
			remoteInfo = WildWordWest;
		};
		8FBD6B321C9DD3B300EADD6F /* PBXContainerItemProxy */ = {
			isa = PBXContainerItemProxy;
			containerPortal = 8FBD6B061C9DD3B200EADD6F /* Project object */;
			proxyType = 1;
			remoteGlobalIDString = 8FBD6B0D1C9DD3B200EADD6F;
			remoteInfo = WildWordWest;
		};
/* End PBXContainerItemProxy section */

/* Begin PBXFileReference section */
		8F57C4171C9ED5420024F2C0 /* GameEvent.swift */ = {isa = PBXFileReference; fileEncoding = 4; lastKnownFileType = sourcecode.swift; name = GameEvent.swift; path = Event/GameEvent.swift; sourceTree = "<group>"; };
		8FBD6B0E1C9DD3B200EADD6F /* WildWordWest.app */ = {isa = PBXFileReference; explicitFileType = wrapper.application; includeInIndex = 0; path = WildWordWest.app; sourceTree = BUILT_PRODUCTS_DIR; };
		8FBD6B111C9DD3B200EADD6F /* AppDelegate.swift */ = {isa = PBXFileReference; lastKnownFileType = sourcecode.swift; path = AppDelegate.swift; sourceTree = "<group>"; };
		8FBD6B131C9DD3B200EADD6F /* GameScene.sks */ = {isa = PBXFileReference; lastKnownFileType = file.sks; path = GameScene.sks; sourceTree = "<group>"; };
		8FBD6B151C9DD3B200EADD6F /* GameScene.swift */ = {isa = PBXFileReference; lastKnownFileType = sourcecode.swift; path = GameScene.swift; sourceTree = "<group>"; };
		8FBD6B1A1C9DD3B200EADD6F /* Base */ = {isa = PBXFileReference; lastKnownFileType = file.storyboard; name = Base; path = Base.lproj/Main.storyboard; sourceTree = "<group>"; };
		8FBD6B1C1C9DD3B200EADD6F /* Assets.xcassets */ = {isa = PBXFileReference; lastKnownFileType = folder.assetcatalog; path = Assets.xcassets; sourceTree = "<group>"; };
		8FBD6B1F1C9DD3B200EADD6F /* Base */ = {isa = PBXFileReference; lastKnownFileType = file.storyboard; name = Base; path = Base.lproj/LaunchScreen.storyboard; sourceTree = "<group>"; };
		8FBD6B211C9DD3B200EADD6F /* Info.plist */ = {isa = PBXFileReference; lastKnownFileType = text.plist.xml; path = Info.plist; sourceTree = "<group>"; };
		8FBD6B261C9DD3B200EADD6F /* WildWordWestTests.xctest */ = {isa = PBXFileReference; explicitFileType = wrapper.cfbundle; includeInIndex = 0; path = WildWordWestTests.xctest; sourceTree = BUILT_PRODUCTS_DIR; };
		8FBD6B2A1C9DD3B200EADD6F /* WildWordWestTests.swift */ = {isa = PBXFileReference; lastKnownFileType = sourcecode.swift; path = WildWordWestTests.swift; sourceTree = "<group>"; };
		8FBD6B2C1C9DD3B300EADD6F /* Info.plist */ = {isa = PBXFileReference; lastKnownFileType = text.plist.xml; path = Info.plist; sourceTree = "<group>"; };
		8FBD6B311C9DD3B300EADD6F /* WildWordWestUITests.xctest */ = {isa = PBXFileReference; explicitFileType = wrapper.cfbundle; includeInIndex = 0; path = WildWordWestUITests.xctest; sourceTree = BUILT_PRODUCTS_DIR; };
		8FBD6B351C9DD3B300EADD6F /* WildWordWestUITests.swift */ = {isa = PBXFileReference; lastKnownFileType = sourcecode.swift; path = WildWordWestUITests.swift; sourceTree = "<group>"; };
		8FBD6B371C9DD3B300EADD6F /* Info.plist */ = {isa = PBXFileReference; lastKnownFileType = text.plist.xml; path = Info.plist; sourceTree = "<group>"; };
		8FBD6B431C9E088900EADD6F /* GameKit.framework */ = {isa = PBXFileReference; lastKnownFileType = wrapper.framework; name = GameKit.framework; path = System/Library/Frameworks/GameKit.framework; sourceTree = SDKROOT; };
		8FBD6B451C9E1B4D00EADD6F /* HomeViewController.swift */ = {isa = PBXFileReference; fileEncoding = 4; lastKnownFileType = sourcecode.swift; path = HomeViewController.swift; sourceTree = "<group>"; };
		8FBD6B491C9EC24900EADD6F /* MainController.swift */ = {isa = PBXFileReference; fileEncoding = 4; lastKnownFileType = sourcecode.swift; name = MainController.swift; path = Controller/MainController.swift; sourceTree = "<group>"; };
		8FBD6B4C1C9EC3D100EADD6F /* SplashscreenViewController.swift */ = {isa = PBXFileReference; fileEncoding = 4; lastKnownFileType = sourcecode.swift; name = SplashscreenViewController.swift; path = View/SplashscreenViewController.swift; sourceTree = "<group>"; };
/* End PBXFileReference section */

/* Begin PBXFrameworksBuildPhase section */
		8FBD6B0B1C9DD3B200EADD6F /* Frameworks */ = {
			isa = PBXFrameworksBuildPhase;
			buildActionMask = 2147483647;
			files = (
				8FBD6B441C9E088900EADD6F /* GameKit.framework in Frameworks */,
			);
			runOnlyForDeploymentPostprocessing = 0;
		};
		8FBD6B231C9DD3B200EADD6F /* Frameworks */ = {
			isa = PBXFrameworksBuildPhase;
			buildActionMask = 2147483647;
			files = (
			);
			runOnlyForDeploymentPostprocessing = 0;
		};
		8FBD6B2E1C9DD3B300EADD6F /* Frameworks */ = {
			isa = PBXFrameworksBuildPhase;
			buildActionMask = 2147483647;
			files = (
			);
			runOnlyForDeploymentPostprocessing = 0;
		};
/* End PBXFrameworksBuildPhase section */

/* Begin PBXGroup section */
		8F57C4161C9ED52B0024F2C0 /* Event */ = {
			isa = PBXGroup;
			children = (
				8F57C4171C9ED5420024F2C0 /* GameEvent.swift */,
			);
			name = Event;
			sourceTree = "<group>";
		};
		8FBD6B051C9DD3B200EADD6F = {
			isa = PBXGroup;
			children = (
				8FBD6B431C9E088900EADD6F /* GameKit.framework */,
				8FBD6B101C9DD3B200EADD6F /* WildWordWest */,
				8FBD6B291C9DD3B200EADD6F /* WildWordWestTests */,
				8FBD6B341C9DD3B300EADD6F /* WildWordWestUITests */,
				8FBD6B0F1C9DD3B200EADD6F /* Products */,
			);
			sourceTree = "<group>";
		};
		8FBD6B0F1C9DD3B200EADD6F /* Products */ = {
			isa = PBXGroup;
			children = (
				8FBD6B0E1C9DD3B200EADD6F /* WildWordWest.app */,
				8FBD6B261C9DD3B200EADD6F /* WildWordWestTests.xctest */,
				8FBD6B311C9DD3B300EADD6F /* WildWordWestUITests.xctest */,
			);
			name = Products;
			sourceTree = "<group>";
		};
		8FBD6B101C9DD3B200EADD6F /* WildWordWest */ = {
			isa = PBXGroup;
			children = (
				8F57C4161C9ED52B0024F2C0 /* Event */,
				8FBD6B4B1C9EC39C00EADD6F /* View */,
				8FBD6B481C9EC15E00EADD6F /* Model */,
				8FBD6B471C9EC15700EADD6F /* Controller */,
				8FBD6B111C9DD3B200EADD6F /* AppDelegate.swift */,
				8FBD6B131C9DD3B200EADD6F /* GameScene.sks */,
				8FBD6B151C9DD3B200EADD6F /* GameScene.swift */,
				8FBD6B191C9DD3B200EADD6F /* Main.storyboard */,
				8FBD6B1C1C9DD3B200EADD6F /* Assets.xcassets */,
				8FBD6B1E1C9DD3B200EADD6F /* LaunchScreen.storyboard */,
				8FBD6B211C9DD3B200EADD6F /* Info.plist */,
			);
			path = WildWordWest;
			sourceTree = "<group>";
		};
		8FBD6B291C9DD3B200EADD6F /* WildWordWestTests */ = {
			isa = PBXGroup;
			children = (
				8FBD6B2A1C9DD3B200EADD6F /* WildWordWestTests.swift */,
				8FBD6B2C1C9DD3B300EADD6F /* Info.plist */,
			);
			path = WildWordWestTests;
			sourceTree = "<group>";
		};
		8FBD6B341C9DD3B300EADD6F /* WildWordWestUITests */ = {
			isa = PBXGroup;
			children = (
				8FBD6B351C9DD3B300EADD6F /* WildWordWestUITests.swift */,
				8FBD6B371C9DD3B300EADD6F /* Info.plist */,
			);
			path = WildWordWestUITests;
			sourceTree = "<group>";
		};
		8FBD6B471C9EC15700EADD6F /* Controller */ = {
			isa = PBXGroup;
			children = (
				8FBD6B491C9EC24900EADD6F /* MainController.swift */,
			);
			name = Controller;
			sourceTree = "<group>";
		};
		8FBD6B481C9EC15E00EADD6F /* Model */ = {
			isa = PBXGroup;
			children = (
			);
			name = Model;
			sourceTree = "<group>";
		};
		8FBD6B4B1C9EC39C00EADD6F /* View */ = {
			isa = PBXGroup;
			children = (
				8FBD6B451C9E1B4D00EADD6F /* HomeViewController.swift */,
				8FBD6B4C1C9EC3D100EADD6F /* SplashscreenViewController.swift */,
			);
			name = View;
			sourceTree = "<group>";
		};
/* End PBXGroup section */

/* Begin PBXNativeTarget section */
		8FBD6B0D1C9DD3B200EADD6F /* WildWordWest */ = {
			isa = PBXNativeTarget;
			buildConfigurationList = 8FBD6B3A1C9DD3B300EADD6F /* Build configuration list for PBXNativeTarget "WildWordWest" */;
			buildPhases = (
				8FBD6B0A1C9DD3B200EADD6F /* Sources */,
				8FBD6B0B1C9DD3B200EADD6F /* Frameworks */,
				8FBD6B0C1C9DD3B200EADD6F /* Resources */,
			);
			buildRules = (
			);
			dependencies = (
			);
			name = WildWordWest;
			productName = WildWordWest;
			productReference = 8FBD6B0E1C9DD3B200EADD6F /* WildWordWest.app */;
			productType = "com.apple.product-type.application";
		};
		8FBD6B251C9DD3B200EADD6F /* WildWordWestTests */ = {
			isa = PBXNativeTarget;
			buildConfigurationList = 8FBD6B3D1C9DD3B300EADD6F /* Build configuration list for PBXNativeTarget "WildWordWestTests" */;
			buildPhases = (
				8FBD6B221C9DD3B200EADD6F /* Sources */,
				8FBD6B231C9DD3B200EADD6F /* Frameworks */,
				8FBD6B241C9DD3B200EADD6F /* Resources */,
			);
			buildRules = (
			);
			dependencies = (
				8FBD6B281C9DD3B200EADD6F /* PBXTargetDependency */,
			);
			name = WildWordWestTests;
			productName = WildWordWestTests;
			productReference = 8FBD6B261C9DD3B200EADD6F /* WildWordWestTests.xctest */;
			productType = "com.apple.product-type.bundle.unit-test";
		};
		8FBD6B301C9DD3B300EADD6F /* WildWordWestUITests */ = {
			isa = PBXNativeTarget;
			buildConfigurationList = 8FBD6B401C9DD3B300EADD6F /* Build configuration list for PBXNativeTarget "WildWordWestUITests" */;
			buildPhases = (
				8FBD6B2D1C9DD3B300EADD6F /* Sources */,
				8FBD6B2E1C9DD3B300EADD6F /* Frameworks */,
				8FBD6B2F1C9DD3B300EADD6F /* Resources */,
			);
			buildRules = (
			);
			dependencies = (
				8FBD6B331C9DD3B300EADD6F /* PBXTargetDependency */,
			);
			name = WildWordWestUITests;
			productName = WildWordWestUITests;
			productReference = 8FBD6B311C9DD3B300EADD6F /* WildWordWestUITests.xctest */;
			productType = "com.apple.product-type.bundle.ui-testing";
		};
/* End PBXNativeTarget section */

/* Begin PBXProject section */
		8FBD6B061C9DD3B200EADD6F /* Project object */ = {
			isa = PBXProject;
			attributes = {
				LastSwiftUpdateCheck = 0710;
				LastUpgradeCheck = 0710;
				ORGANIZATIONNAME = PierreRAFFA;
				TargetAttributes = {
					8FBD6B0D1C9DD3B200EADD6F = {
						CreatedOnToolsVersion = 7.1.1;
						DevelopmentTeam = 52TYNLP3KD;
						SystemCapabilities = {
							com.apple.GameCenter = {
								enabled = 1;
							};
						};
					};
					8FBD6B251C9DD3B200EADD6F = {
						CreatedOnToolsVersion = 7.1.1;
						TestTargetID = 8FBD6B0D1C9DD3B200EADD6F;
					};
					8FBD6B301C9DD3B300EADD6F = {
						CreatedOnToolsVersion = 7.1.1;
						TestTargetID = 8FBD6B0D1C9DD3B200EADD6F;
					};
				};
			};
			buildConfigurationList = 8FBD6B091C9DD3B200EADD6F /* Build configuration list for PBXProject "WildWordWest" */;
			compatibilityVersion = "Xcode 3.2";
			developmentRegion = English;
			hasScannedForEncodings = 0;
			knownRegions = (
				en,
				Base,
			);
			mainGroup = 8FBD6B051C9DD3B200EADD6F;
			productRefGroup = 8FBD6B0F1C9DD3B200EADD6F /* Products */;
			projectDirPath = "";
			projectRoot = "";
			targets = (
				8FBD6B0D1C9DD3B200EADD6F /* WildWordWest */,
				8FBD6B251C9DD3B200EADD6F /* WildWordWestTests */,
				8FBD6B301C9DD3B300EADD6F /* WildWordWestUITests */,
			);
		};
/* End PBXProject section */

/* Begin PBXResourcesBuildPhase section */
		8FBD6B0C1C9DD3B200EADD6F /* Resources */ = {
			isa = PBXResourcesBuildPhase;
			buildActionMask = 2147483647;
			files = (
				8FBD6B141C9DD3B200EADD6F /* GameScene.sks in Resources */,
				8FBD6B201C9DD3B200EADD6F /* LaunchScreen.storyboard in Resources */,
				8FBD6B1D1C9DD3B200EADD6F /* Assets.xcassets in Resources */,
				8FBD6B1B1C9DD3B200EADD6F /* Main.storyboard in Resources */,
			);
			runOnlyForDeploymentPostprocessing = 0;
		};
		8FBD6B241C9DD3B200EADD6F /* Resources */ = {
			isa = PBXResourcesBuildPhase;
			buildActionMask = 2147483647;
			files = (
			);
			runOnlyForDeploymentPostprocessing = 0;
		};
		8FBD6B2F1C9DD3B300EADD6F /* Resources */ = {
			isa = PBXResourcesBuildPhase;
			buildActionMask = 2147483647;
			files = (
			);
			runOnlyForDeploymentPostprocessing = 0;
		};
/* End PBXResourcesBuildPhase section */

/* Begin PBXSourcesBuildPhase section */
		8FBD6B0A1C9DD3B200EADD6F /* Sources */ = {
			isa = PBXSourcesBuildPhase;
			buildActionMask = 2147483647;
			files = (
				8F57C4181C9ED5420024F2C0 /* GameEvent.swift in Sources */,
				8FBD6B161C9DD3B200EADD6F /* GameScene.swift in Sources */,
				8FBD6B121C9DD3B200EADD6F /* AppDelegate.swift in Sources */,
				8FBD6B461C9E1B4D00EADD6F /* HomeViewController.swift in Sources */,
				8FBD6B4D1C9EC3D100EADD6F /* SplashscreenViewController.swift in Sources */,
				8FBD6B4A1C9EC24900EADD6F /* MainController.swift in Sources */,
			);
			runOnlyForDeploymentPostprocessing = 0;
		};
		8FBD6B221C9DD3B200EADD6F /* Sources */ = {
			isa = PBXSourcesBuildPhase;
			buildActionMask = 2147483647;
			files = (
				8FBD6B2B1C9DD3B200EADD6F /* WildWordWestTests.swift in Sources */,
			);
			runOnlyForDeploymentPostprocessing = 0;
		};
		8FBD6B2D1C9DD3B300EADD6F /* Sources */ = {
			isa = PBXSourcesBuildPhase;
			buildActionMask = 2147483647;
			files = (
				8FBD6B361C9DD3B300EADD6F /* WildWordWestUITests.swift in Sources */,
			);
			runOnlyForDeploymentPostprocessing = 0;
		};
/* End PBXSourcesBuildPhase section */

/* Begin PBXTargetDependency section */
		8FBD6B281C9DD3B200EADD6F /* PBXTargetDependency */ = {
			isa = PBXTargetDependency;
			target = 8FBD6B0D1C9DD3B200EADD6F /* WildWordWest */;
			targetProxy = 8FBD6B271C9DD3B200EADD6F /* PBXContainerItemProxy */;
		};
		8FBD6B331C9DD3B300EADD6F /* PBXTargetDependency */ = {
			isa = PBXTargetDependency;
			target = 8FBD6B0D1C9DD3B200EADD6F /* WildWordWest */;
			targetProxy = 8FBD6B321C9DD3B300EADD6F /* PBXContainerItemProxy */;
		};
/* End PBXTargetDependency section */

/* Begin PBXVariantGroup section */
		8FBD6B191C9DD3B200EADD6F /* Main.storyboard */ = {
			isa = PBXVariantGroup;
			children = (
				8FBD6B1A1C9DD3B200EADD6F /* Base */,
			);
			name = Main.storyboard;
			sourceTree = "<group>";
		};
		8FBD6B1E1C9DD3B200EADD6F /* LaunchScreen.storyboard */ = {
			isa = PBXVariantGroup;
			children = (
				8FBD6B1F1C9DD3B200EADD6F /* Base */,
			);
			name = LaunchScreen.storyboard;
			sourceTree = "<group>";
		};
/* End PBXVariantGroup section */

/* Begin XCBuildConfiguration section */
		8FBD6B381C9DD3B300EADD6F /* Debug */ = {
			isa = XCBuildConfiguration;
			buildSettings = {
				ALWAYS_SEARCH_USER_PATHS = NO;
				CLANG_CXX_LANGUAGE_STANDARD = "gnu++0x";
				CLANG_CXX_LIBRARY = "libc++";
				CLANG_ENABLE_MODULES = YES;
				CLANG_ENABLE_OBJC_ARC = YES;
				CLANG_WARN_BOOL_CONVERSION = YES;
				CLANG_WARN_CONSTANT_CONVERSION = YES;
				CLANG_WARN_DIRECT_OBJC_ISA_USAGE = YES_ERROR;
				CLANG_WARN_EMPTY_BODY = YES;
				CLANG_WARN_ENUM_CONVERSION = YES;
				CLANG_WARN_INT_CONVERSION = YES;
				CLANG_WARN_OBJC_ROOT_CLASS = YES_ERROR;
				CLANG_WARN_UNREACHABLE_CODE = YES;
				CLANG_WARN__DUPLICATE_METHOD_MATCH = YES;
				"CODE_SIGN_IDENTITY[sdk=iphoneos*]" = "iPhone Developer";
				COPY_PHASE_STRIP = NO;
				DEBUG_INFORMATION_FORMAT = "dwarf-with-dsym";
				ENABLE_STRICT_OBJC_MSGSEND = YES;
				ENABLE_TESTABILITY = YES;
				GCC_C_LANGUAGE_STANDARD = gnu99;
				GCC_DYNAMIC_NO_PIC = NO;
				GCC_NO_COMMON_BLOCKS = YES;
				GCC_OPTIMIZATION_LEVEL = 0;
				GCC_PREPROCESSOR_DEFINITIONS = (
					"DEBUG=1",
					"$(inherited)",
				);
				GCC_WARN_64_TO_32_BIT_CONVERSION = YES;
				GCC_WARN_ABOUT_RETURN_TYPE = YES_ERROR;
				GCC_WARN_UNDECLARED_SELECTOR = YES;
				GCC_WARN_UNINITIALIZED_AUTOS = YES_AGGRESSIVE;
				GCC_WARN_UNUSED_FUNCTION = YES;
				GCC_WARN_UNUSED_VARIABLE = YES;
				IPHONEOS_DEPLOYMENT_TARGET = 9.1;
				MTL_ENABLE_DEBUG_INFO = YES;
				ONLY_ACTIVE_ARCH = YES;
				SDKROOT = iphoneos;
				SWIFT_OPTIMIZATION_LEVEL = "-Onone";
				TARGETED_DEVICE_FAMILY = "1,2";
			};
			name = Debug;
		};
		8FBD6B391C9DD3B300EADD6F /* Release */ = {
			isa = XCBuildConfiguration;
			buildSettings = {
				ALWAYS_SEARCH_USER_PATHS = NO;
				CLANG_CXX_LANGUAGE_STANDARD = "gnu++0x";
				CLANG_CXX_LIBRARY = "libc++";
				CLANG_ENABLE_MODULES = YES;
				CLANG_ENABLE_OBJC_ARC = YES;
				CLANG_WARN_BOOL_CONVERSION = YES;
				CLANG_WARN_CONSTANT_CONVERSION = YES;
				CLANG_WARN_DIRECT_OBJC_ISA_USAGE = YES_ERROR;
				CLANG_WARN_EMPTY_BODY = YES;
				CLANG_WARN_ENUM_CONVERSION = YES;
				CLANG_WARN_INT_CONVERSION = YES;
				CLANG_WARN_OBJC_ROOT_CLASS = YES_ERROR;
				CLANG_WARN_UNREACHABLE_CODE = YES;
				CLANG_WARN__DUPLICATE_METHOD_MATCH = YES;
				"CODE_SIGN_IDENTITY[sdk=iphoneos*]" = "iPhone Developer";
				COPY_PHASE_STRIP = NO;
				DEBUG_INFORMATION_FORMAT = "dwarf-with-dsym";
				ENABLE_NS_ASSERTIONS = NO;
				ENABLE_STRICT_OBJC_MSGSEND = YES;
				GCC_C_LANGUAGE_STANDARD = gnu99;
				GCC_NO_COMMON_BLOCKS = YES;
				GCC_WARN_64_TO_32_BIT_CONVERSION = YES;
				GCC_WARN_ABOUT_RETURN_TYPE = YES_ERROR;
				GCC_WARN_UNDECLARED_SELECTOR = YES;
				GCC_WARN_UNINITIALIZED_AUTOS = YES_AGGRESSIVE;
				GCC_WARN_UNUSED_FUNCTION = YES;
				GCC_WARN_UNUSED_VARIABLE = YES;
				IPHONEOS_DEPLOYMENT_TARGET = 9.1;
				MTL_ENABLE_DEBUG_INFO = NO;
				SDKROOT = iphoneos;
				TARGETED_DEVICE_FAMILY = "1,2";
				VALIDATE_PRODUCT = YES;
			};
			name = Release;
		};
		8FBD6B3B1C9DD3B300EADD6F /* Debug */ = {
			isa = XCBuildConfiguration;
			buildSettings = {
				ASSETCATALOG_COMPILER_APPICON_NAME = AppIcon;
				CODE_SIGN_IDENTITY = "iPhone Developer";
				"CODE_SIGN_IDENTITY[sdk=iphoneos*]" = "iPhone Developer";
				INFOPLIST_FILE = WildWordWest/Info.plist;
				LD_RUNPATH_SEARCH_PATHS = "$(inherited) @executable_path/Frameworks";
				PRODUCT_BUNDLE_IDENTIFIER = com.pierreraffa.WildWordWest;
				PRODUCT_NAME = "$(TARGET_NAME)";
				PROVISIONING_PROFILE = "";
			};
			name = Debug;
		};
		8FBD6B3C1C9DD3B300EADD6F /* Release */ = {
			isa = XCBuildConfiguration;
			buildSettings = {
				ASSETCATALOG_COMPILER_APPICON_NAME = AppIcon;
				CODE_SIGN_IDENTITY = "iPhone Developer";
				"CODE_SIGN_IDENTITY[sdk=iphoneos*]" = "iPhone Developer";
				INFOPLIST_FILE = WildWordWest/Info.plist;
				LD_RUNPATH_SEARCH_PATHS = "$(inherited) @executable_path/Frameworks";
				PRODUCT_BUNDLE_IDENTIFIER = com.pierreraffa.WildWordWest;
				PRODUCT_NAME = "$(TARGET_NAME)";
				PROVISIONING_PROFILE = "";
			};
			name = Release;
		};
		8FBD6B3E1C9DD3B300EADD6F /* Debug */ = {
			isa = XCBuildConfiguration;
			buildSettings = {
				BUNDLE_LOADER = "$(TEST_HOST)";
				DEBUG_INFORMATION_FORMAT = dwarf;
				INFOPLIST_FILE = WildWordWestTests/Info.plist;
				LD_RUNPATH_SEARCH_PATHS = "$(inherited) @executable_path/Frameworks @loader_path/Frameworks";
				PRODUCT_BUNDLE_IDENTIFIER = com.pierreraffa.WildWordWestTests;
				PRODUCT_NAME = "$(TARGET_NAME)";
				TEST_HOST = "$(BUILT_PRODUCTS_DIR)/WildWordWest.app/WildWordWest";
			};
			name = Debug;
		};
		8FBD6B3F1C9DD3B300EADD6F /* Release */ = {
			isa = XCBuildConfiguration;
			buildSettings = {
				BUNDLE_LOADER = "$(TEST_HOST)";
				INFOPLIST_FILE = WildWordWestTests/Info.plist;
				LD_RUNPATH_SEARCH_PATHS = "$(inherited) @executable_path/Frameworks @loader_path/Frameworks";
				PRODUCT_BUNDLE_IDENTIFIER = com.pierreraffa.WildWordWestTests;
				PRODUCT_NAME = "$(TARGET_NAME)";
				TEST_HOST = "$(BUILT_PRODUCTS_DIR)/WildWordWest.app/WildWordWest";
			};
			name = Release;
		};
		8FBD6B411C9DD3B300EADD6F /* Debug */ = {
			isa = XCBuildConfiguration;
			buildSettings = {
				DEBUG_INFORMATION_FORMAT = dwarf;
				INFOPLIST_FILE = WildWordWestUITests/Info.plist;
				LD_RUNPATH_SEARCH_PATHS = "$(inherited) @executable_path/Frameworks @loader_path/Frameworks";
				PRODUCT_BUNDLE_IDENTIFIER = com.pierreraffa.WildWordWestUITests;
				PRODUCT_NAME = "$(TARGET_NAME)";
				TEST_TARGET_NAME = WildWordWest;
				USES_XCTRUNNER = YES;
			};
			name = Debug;
		};
		8FBD6B421C9DD3B300EADD6F /* Release */ = {
			isa = XCBuildConfiguration;
			buildSettings = {
				INFOPLIST_FILE = WildWordWestUITests/Info.plist;
				LD_RUNPATH_SEARCH_PATHS = "$(inherited) @executable_path/Frameworks @loader_path/Frameworks";
				PRODUCT_BUNDLE_IDENTIFIER = com.pierreraffa.WildWordWestUITests;
				PRODUCT_NAME = "$(TARGET_NAME)";
				TEST_TARGET_NAME = WildWordWest;
				USES_XCTRUNNER = YES;
			};
			name = Release;
		};
/* End XCBuildConfiguration section */

/* Begin XCConfigurationList section */
		8FBD6B091C9DD3B200EADD6F /* Build configuration list for PBXProject "WildWordWest" */ = {
			isa = XCConfigurationList;
			buildConfigurations = (
				8FBD6B381C9DD3B300EADD6F /* Debug */,
				8FBD6B391C9DD3B300EADD6F /* Release */,
			);
			defaultConfigurationIsVisible = 0;
			defaultConfigurationName = Release;
		};
		8FBD6B3A1C9DD3B300EADD6F /* Build configuration list for PBXNativeTarget "WildWordWest" */ = {
			isa = XCConfigurationList;
			buildConfigurations = (
				8FBD6B3B1C9DD3B300EADD6F /* Debug */,
				8FBD6B3C1C9DD3B300EADD6F /* Release */,
			);
			defaultConfigurationIsVisible = 0;
			defaultConfigurationName = Release;
		};
		8FBD6B3D1C9DD3B300EADD6F /* Build configuration list for PBXNativeTarget "WildWordWestTests" */ = {
			isa = XCConfigurationList;
			buildConfigurations = (
				8FBD6B3E1C9DD3B300EADD6F /* Debug */,
				8FBD6B3F1C9DD3B300EADD6F /* Release */,
			);
			defaultConfigurationIsVisible = 0;
			defaultConfigurationName = Release;
		};
		8FBD6B401C9DD3B300EADD6F /* Build configuration list for PBXNativeTarget "WildWordWestUITests" */ = {
			isa = XCConfigurationList;
			buildConfigurations = (
				8FBD6B411C9DD3B300EADD6F /* Debug */,
				8FBD6B421C9DD3B300EADD6F /* Release */,
			);
			defaultConfigurationIsVisible = 0;
			defaultConfigurationName = Release;
		};
/* End XCConfigurationList section */
	};
	rootObject = 8FBD6B061C9DD3B200EADD6F /* Project object */;
}
